
Microsoft Visual Studio Solution File, Format Version 12.00
# Visual Studio Version 17
VisualStudioVersion = 17.0.31903.59
MinimumVisualStudioVersion = 10.0.40219.1
Project("{FAE04EC0-301F-11D3-BF4B-00C04F79EFBC}") = "BuildingBlocks.Domain", "BuildingBlocks.Domain\BuildingBlocks.Domain.csproj", "{EF02A958-7627-4BF8-A8CA-1EA06F5D77D2}"
EndProject
Project("{FAE04EC0-301F-11D3-BF4B-00C04F79EFBC}") = "BuildingBlocks.Application", "BuildingBlocks.Application\BuildingBlocks.Application.csproj", "{A1A0F5F1-3384-470E-BFB0-65283A86A641}"
EndProject
Project("{FAE04EC0-301F-11D3-BF4B-00C04F79EFBC}") = "BuildingBlocks.Infrastructure", "BuildingBlocks.Infrastructure\BuildingBlocks.Infrastructure.csproj", "{2BA862E6-FC2D-4122-8717-2DB6F6DE80C5}"
EndProject
Project("{FAE04EC0-301F-11D3-BF4B-00C04F79EFBC}") = "BuildingBlocks.API", "BuildingBlocks.API\BuildingBlocks.API.csproj", "{7CB79668-DE64-480B-BB04-2F911D6CBE15}"
EndProject
Project("{2150E333-8FDC-42A3-9474-1A3956D46DE8}") = "Services", "Services", "{5854FF58-B8C5-05C6-5BF2-ACE42193F22B}"
EndProject
Project("{2150E333-8FDC-42A3-9474-1A3956D46DE8}") = "PatientService", "PatientService", "{13AABDAD-5921-EA78-E4D3-A5AF19B34C6F}"
EndProject
Project("{2150E333-8FDC-42A3-9474-1A3956D46DE8}") = "BuildingBlocks", "BuildingBlocks", "{7266C4A9-E384-DC00-0EB6-47F6002CFBA7}"
EndProject
Project("{FAE04EC0-301F-11D3-BF4B-00C04F79EFBC}") = "PatientService.API", "Services\PatientService\API\PatientService.API.csproj", "{D442C4F4-B83B-B83E-FE9A-EB8F88E46C37}"
EndProject
Project("{FAE04EC0-301F-11D3-BF4B-00C04F79EFBC}") = "PatientService.Application", "Services\PatientService\Application\PatientService.Application.csproj", "{7871B151-832E-293A-ACAC-A80CF443C745}"
EndProject
Project("{FAE04EC0-301F-11D3-BF4B-00C04F79EFBC}") = "PatientService.Domain", "Services\PatientService\Domain\PatientService.Domain.csproj", "{6F949FDC-07B6-1E25-D6E8-4DD4C5A0CEA2}"
EndProject
Project("{FAE04EC0-301F-11D3-BF4B-00C04F79EFBC}") = "PatientService.Infrastructure", "Services\PatientService\Infrastructure\PatientService.Infrastructure.csproj", "{EF2B5051-6749-0A6E-4516-54DBFB76055A}"
EndProject
Project("{2150E333-8FDC-42A3-9474-1A3956D46DE8}") = "AuthService", "AuthService", "{378295AF-C144-6721-7CFF-8DE6E58ED8C7}"
EndProject
Project("{2150E333-8FDC-42A3-9474-1A3956D46DE8}") = "API", "API", "{4464742C-0D3D-B3F7-CDCF-E13DA7D64958}"
EndProject
Project("{FAE04EC0-301F-11D3-BF4B-00C04F79EFBC}") = "AuthService.API", "Services\AuthService\API\AuthService.API.csproj", "{8FC33C01-49F6-4CB9-B3DD-1A0945E82263}"
EndProject
Project("{2150E333-8FDC-42A3-9474-1A3956D46DE8}") = "Domain", "Domain", "{23F10217-D6C8-3798-EC45-F53C8A5C556E}"
EndProject
Project("{FAE04EC0-301F-11D3-BF4B-00C04F79EFBC}") = "AuthService.Domain", "Services\AuthService\Domain\AuthService.Domain.csproj", "{A08E5AEF-3A0F-496F-A21D-D95182ACFCA6}"
EndProject
Project("{2150E333-8FDC-42A3-9474-1A3956D46DE8}") = "Application", "Application", "{7A49977A-6846-9E63-8635-1927526E15D0}"
EndProject
Project("{FAE04EC0-301F-11D3-BF4B-00C04F79EFBC}") = "AuthService.Application", "Services\AuthService\Application\AuthService.Application.csproj", "{1FD0A806-550E-43A1-9E75-D8893273D659}"
EndProject
Project("{FAE04EC0-301F-11D3-BF4B-00C04F79EFBC}") = "AuthService.Tests", "Services\AuthService\AuthService.Tests\AuthService.Tests.csproj", "{C135EEAD-2258-45E8-AD89-3BC1C6763547}"
EndProject
Global
	GlobalSection(SolutionConfigurationPlatforms) = preSolution
		Debug|Any CPU = Debug|Any CPU
		Debug|x64 = Debug|x64
		Debug|x86 = Debug|x86
		Release|Any CPU = Release|Any CPU
		Release|x64 = Release|x64
		Release|x86 = Release|x86
	EndGlobalSection
	GlobalSection(ProjectConfigurationPlatforms) = postSolution
		{EF02A958-7627-4BF8-A8CA-1EA06F5D77D2}.Debug|Any CPU.ActiveCfg = Debug|Any CPU
		{EF02A958-7627-4BF8-A8CA-1EA06F5D77D2}.Debug|Any CPU.Build.0 = Debug|Any CPU
		{EF02A958-7627-4BF8-A8CA-1EA06F5D77D2}.Debug|x64.ActiveCfg = Debug|Any CPU
		{EF02A958-7627-4BF8-A8CA-1EA06F5D77D2}.Debug|x64.Build.0 = Debug|Any CPU
		{EF02A958-7627-4BF8-A8CA-1EA06F5D77D2}.Debug|x86.ActiveCfg = Debug|Any CPU
		{EF02A958-7627-4BF8-A8CA-1EA06F5D77D2}.Debug|x86.Build.0 = Debug|Any CPU
		{EF02A958-7627-4BF8-A8CA-1EA06F5D77D2}.Release|Any CPU.ActiveCfg = Release|Any CPU
		{EF02A958-7627-4BF8-A8CA-1EA06F5D77D2}.Release|Any CPU.Build.0 = Release|Any CPU
		{EF02A958-7627-4BF8-A8CA-1EA06F5D77D2}.Release|x64.ActiveCfg = Release|Any CPU
		{EF02A958-7627-4BF8-A8CA-1EA06F5D77D2}.Release|x64.Build.0 = Release|Any CPU
		{EF02A958-7627-4BF8-A8CA-1EA06F5D77D2}.Release|x86.ActiveCfg = Release|Any CPU
		{EF02A958-7627-4BF8-A8CA-1EA06F5D77D2}.Release|x86.Build.0 = Release|Any CPU
		{A1A0F5F1-3384-470E-BFB0-65283A86A641}.Debug|Any CPU.ActiveCfg = Debug|Any CPU
		{A1A0F5F1-3384-470E-BFB0-65283A86A641}.Debug|Any CPU.Build.0 = Debug|Any CPU
		{A1A0F5F1-3384-470E-BFB0-65283A86A641}.Debug|x64.ActiveCfg = Debug|Any CPU
		{A1A0F5F1-3384-470E-BFB0-65283A86A641}.Debug|x64.Build.0 = Debug|Any CPU
		{A1A0F5F1-3384-470E-BFB0-65283A86A641}.Debug|x86.ActiveCfg = Debug|Any CPU
		{A1A0F5F1-3384-470E-BFB0-65283A86A641}.Debug|x86.Build.0 = Debug|Any CPU
		{A1A0F5F1-3384-470E-BFB0-65283A86A641}.Release|Any CPU.ActiveCfg = Release|Any CPU
		{A1A0F5F1-3384-470E-BFB0-65283A86A641}.Release|Any CPU.Build.0 = Release|Any CPU
		{A1A0F5F1-3384-470E-BFB0-65283A86A641}.Release|x64.ActiveCfg = Release|Any CPU
		{A1A0F5F1-3384-470E-BFB0-65283A86A641}.Release|x64.Build.0 = Release|Any CPU
		{A1A0F5F1-3384-470E-BFB0-65283A86A641}.Release|x86.ActiveCfg = Release|Any CPU
		{A1A0F5F1-3384-470E-BFB0-65283A86A641}.Release|x86.Build.0 = Release|Any CPU
		{2BA862E6-FC2D-4122-8717-2DB6F6DE80C5}.Debug|Any CPU.ActiveCfg = Debug|Any CPU
		{2BA862E6-FC2D-4122-8717-2DB6F6DE80C5}.Debug|Any CPU.Build.0 = Debug|Any CPU
		{2BA862E6-FC2D-4122-8717-2DB6F6DE80C5}.Debug|x64.ActiveCfg = Debug|Any CPU
		{2BA862E6-FC2D-4122-8717-2DB6F6DE80C5}.Debug|x64.Build.0 = Debug|Any CPU
		{2BA862E6-FC2D-4122-8717-2DB6F6DE80C5}.Debug|x86.ActiveCfg = Debug|Any CPU
		{2BA862E6-FC2D-4122-8717-2DB6F6DE80C5}.Debug|x86.Build.0 = Debug|Any CPU
		{2BA862E6-FC2D-4122-8717-2DB6F6DE80C5}.Release|Any CPU.ActiveCfg = Release|Any CPU
		{2BA862E6-FC2D-4122-8717-2DB6F6DE80C5}.Release|Any CPU.Build.0 = Release|Any CPU
		{2BA862E6-FC2D-4122-8717-2DB6F6DE80C5}.Release|x64.ActiveCfg = Release|Any CPU
		{2BA862E6-FC2D-4122-8717-2DB6F6DE80C5}.Release|x64.Build.0 = Release|Any CPU
		{2BA862E6-FC2D-4122-8717-2DB6F6DE80C5}.Release|x86.ActiveCfg = Release|Any CPU
		{2BA862E6-FC2D-4122-8717-2DB6F6DE80C5}.Release|x86.Build.0 = Release|Any CPU
		{7CB79668-DE64-480B-BB04-2F911D6CBE15}.Debug|Any CPU.ActiveCfg = Debug|Any CPU
		{7CB79668-DE64-480B-BB04-2F911D6CBE15}.Debug|Any CPU.Build.0 = Debug|Any CPU
		{7CB79668-DE64-480B-BB04-2F911D6CBE15}.Debug|x64.ActiveCfg = Debug|Any CPU
		{7CB79668-DE64-480B-BB04-2F911D6CBE15}.Debug|x64.Build.0 = Debug|Any CPU
		{7CB79668-DE64-480B-BB04-2F911D6CBE15}.Debug|x86.ActiveCfg = Debug|Any CPU
		{7CB79668-DE64-480B-BB04-2F911D6CBE15}.Debug|x86.Build.0 = Debug|Any CPU
		{7CB79668-DE64-480B-BB04-2F911D6CBE15}.Release|Any CPU.ActiveCfg = Release|Any CPU
		{7CB79668-DE64-480B-BB04-2F911D6CBE15}.Release|Any CPU.Build.0 = Release|Any CPU
		{7CB79668-DE64-480B-BB04-2F911D6CBE15}.Release|x64.ActiveCfg = Release|Any CPU
		{7CB79668-DE64-480B-BB04-2F911D6CBE15}.Release|x64.Build.0 = Release|Any CPU
		{7CB79668-DE64-480B-BB04-2F911D6CBE15}.Release|x86.ActiveCfg = Release|Any CPU
		{7CB79668-DE64-480B-BB04-2F911D6CBE15}.Release|x86.Build.0 = Release|Any CPU
		{D442C4F4-B83B-B83E-FE9A-EB8F88E46C37}.Debug|Any CPU.ActiveCfg = Debug|Any CPU
		{D442C4F4-B83B-B83E-FE9A-EB8F88E46C37}.Debug|Any CPU.Build.0 = Debug|Any CPU
		{D442C4F4-B83B-B83E-FE9A-EB8F88E46C37}.Debug|x64.ActiveCfg = Debug|Any CPU
		{D442C4F4-B83B-B83E-FE9A-EB8F88E46C37}.Debug|x64.Build.0 = Debug|Any CPU
		{D442C4F4-B83B-B83E-FE9A-EB8F88E46C37}.Debug|x86.ActiveCfg = Debug|Any CPU
		{D442C4F4-B83B-B83E-FE9A-EB8F88E46C37}.Debug|x86.Build.0 = Debug|Any CPU
		{D442C4F4-B83B-B83E-FE9A-EB8F88E46C37}.Release|Any CPU.ActiveCfg = Release|Any CPU
		{D442C4F4-B83B-B83E-FE9A-EB8F88E46C37}.Release|Any CPU.Build.0 = Release|Any CPU
		{D442C4F4-B83B-B83E-FE9A-EB8F88E46C37}.Release|x64.ActiveCfg = Release|Any CPU
		{D442C4F4-B83B-B83E-FE9A-EB8F88E46C37}.Release|x64.Build.0 = Release|Any CPU
		{D442C4F4-B83B-B83E-FE9A-EB8F88E46C37}.Release|x86.ActiveCfg = Release|Any CPU
		{D442C4F4-B83B-B83E-FE9A-EB8F88E46C37}.Release|x86.Build.0 = Release|Any CPU
		{7871B151-832E-293A-ACAC-A80CF443C745}.Debug|Any CPU.ActiveCfg = Debug|Any CPU
		{7871B151-832E-293A-ACAC-A80CF443C745}.Debug|Any CPU.Build.0 = Debug|Any CPU
		{7871B151-832E-293A-ACAC-A80CF443C745}.Debug|x64.ActiveCfg = Debug|Any CPU
		{7871B151-832E-293A-ACAC-A80CF443C745}.Debug|x64.Build.0 = Debug|Any CPU
		{7871B151-832E-293A-ACAC-A80CF443C745}.Debug|x86.ActiveCfg = Debug|Any CPU
		{7871B151-832E-293A-ACAC-A80CF443C745}.Debug|x86.Build.0 = Debug|Any CPU
		{7871B151-832E-293A-ACAC-A80CF443C745}.Release|Any CPU.ActiveCfg = Release|Any CPU
		{7871B151-832E-293A-ACAC-A80CF443C745}.Release|Any CPU.Build.0 = Release|Any CPU
		{7871B151-832E-293A-ACAC-A80CF443C745}.Release|x64.ActiveCfg = Release|Any CPU
		{7871B151-832E-293A-ACAC-A80CF443C745}.Release|x64.Build.0 = Release|Any CPU
		{7871B151-832E-293A-ACAC-A80CF443C745}.Release|x86.ActiveCfg = Release|Any CPU
		{7871B151-832E-293A-ACAC-A80CF443C745}.Release|x86.Build.0 = Release|Any CPU
		{6F949FDC-07B6-1E25-D6E8-4DD4C5A0CEA2}.Debug|Any CPU.ActiveCfg = Debug|Any CPU
		{6F949FDC-07B6-1E25-D6E8-4DD4C5A0CEA2}.Debug|Any CPU.Build.0 = Debug|Any CPU
		{6F949FDC-07B6-1E25-D6E8-4DD4C5A0CEA2}.Debug|x64.ActiveCfg = Debug|Any CPU
		{6F949FDC-07B6-1E25-D6E8-4DD4C5A0CEA2}.Debug|x64.Build.0 = Debug|Any CPU
		{6F949FDC-07B6-1E25-D6E8-4DD4C5A0CEA2}.Debug|x86.ActiveCfg = Debug|Any CPU
		{6F949FDC-07B6-1E25-D6E8-4DD4C5A0CEA2}.Debug|x86.Build.0 = Debug|Any CPU
		{6F949FDC-07B6-1E25-D6E8-4DD4C5A0CEA2}.Release|Any CPU.ActiveCfg = Release|Any CPU
		{6F949FDC-07B6-1E25-D6E8-4DD4C5A0CEA2}.Release|Any CPU.Build.0 = Release|Any CPU
		{6F949FDC-07B6-1E25-D6E8-4DD4C5A0CEA2}.Release|x64.ActiveCfg = Release|Any CPU
		{6F949FDC-07B6-1E25-D6E8-4DD4C5A0CEA2}.Release|x64.Build.0 = Release|Any CPU
		{6F949FDC-07B6-1E25-D6E8-4DD4C5A0CEA2}.Release|x86.ActiveCfg = Release|Any CPU
		{6F949FDC-07B6-1E25-D6E8-4DD4C5A0CEA2}.Release|x86.Build.0 = Release|Any CPU
		{EF2B5051-6749-0A6E-4516-54DBFB76055A}.Debug|Any CPU.ActiveCfg = Debug|Any CPU
		{EF2B5051-6749-0A6E-4516-54DBFB76055A}.Debug|Any CPU.Build.0 = Debug|Any CPU
		{EF2B5051-6749-0A6E-4516-54DBFB76055A}.Debug|x64.ActiveCfg = Debug|Any CPU
		{EF2B5051-6749-0A6E-4516-54DBFB76055A}.Debug|x64.Build.0 = Debug|Any CPU
		{EF2B5051-6749-0A6E-4516-54DBFB76055A}.Debug|x86.ActiveCfg = Debug|Any CPU
		{EF2B5051-6749-0A6E-4516-54DBFB76055A}.Debug|x86.Build.0 = Debug|Any CPU
		{EF2B5051-6749-0A6E-4516-54DBFB76055A}.Release|Any CPU.ActiveCfg = Release|Any CPU
		{EF2B5051-6749-0A6E-4516-54DBFB76055A}.Release|Any CPU.Build.0 = Release|Any CPU
		{EF2B5051-6749-0A6E-4516-54DBFB76055A}.Release|x64.ActiveCfg = Release|Any CPU
		{EF2B5051-6749-0A6E-4516-54DBFB76055A}.Release|x64.Build.0 = Release|Any CPU
		{EF2B5051-6749-0A6E-4516-54DBFB76055A}.Release|x86.ActiveCfg = Release|Any CPU
		{EF2B5051-6749-0A6E-4516-54DBFB76055A}.Release|x86.Build.0 = Release|Any CPU
		{8FC33C01-49F6-4CB9-B3DD-1A0945E82263}.Debug|Any CPU.ActiveCfg = Debug|Any CPU
		{8FC33C01-49F6-4CB9-B3DD-1A0945E82263}.Debug|Any CPU.Build.0 = Debug|Any CPU
		{8FC33C01-49F6-4CB9-B3DD-1A0945E82263}.Debug|x64.ActiveCfg = Debug|Any CPU
		{8FC33C01-49F6-4CB9-B3DD-1A0945E82263}.Debug|x64.Build.0 = Debug|Any CPU
		{8FC33C01-49F6-4CB9-B3DD-1A0945E82263}.Debug|x86.ActiveCfg = Debug|Any CPU
		{8FC33C01-49F6-4CB9-B3DD-1A0945E82263}.Debug|x86.Build.0 = Debug|Any CPU
		{8FC33C01-49F6-4CB9-B3DD-1A0945E82263}.Release|Any CPU.ActiveCfg = Release|Any CPU
		{8FC33C01-49F6-4CB9-B3DD-1A0945E82263}.Release|Any CPU.Build.0 = Release|Any CPU
		{8FC33C01-49F6-4CB9-B3DD-1A0945E82263}.Release|x64.ActiveCfg = Release|Any CPU
		{8FC33C01-49F6-4CB9-B3DD-1A0945E82263}.Release|x64.Build.0 = Release|Any CPU
		{8FC33C01-49F6-4CB9-B3DD-1A0945E82263}.Release|x86.ActiveCfg = Release|Any CPU
		{8FC33C01-49F6-4CB9-B3DD-1A0945E82263}.Release|x86.Build.0 = Release|Any CPU
		{A08E5AEF-3A0F-496F-A21D-D95182ACFCA6}.Debug|Any CPU.ActiveCfg = Debug|Any CPU
		{A08E5AEF-3A0F-496F-A21D-D95182ACFCA6}.Debug|Any CPU.Build.0 = Debug|Any CPU
		{A08E5AEF-3A0F-496F-A21D-D95182ACFCA6}.Debug|x64.ActiveCfg = Debug|Any CPU
		{A08E5AEF-3A0F-496F-A21D-D95182ACFCA6}.Debug|x64.Build.0 = Debug|Any CPU
		{A08E5AEF-3A0F-496F-A21D-D95182ACFCA6}.Debug|x86.ActiveCfg = Debug|Any CPU
		{A08E5AEF-3A0F-496F-A21D-D95182ACFCA6}.Debug|x86.Build.0 = Debug|Any CPU
		{A08E5AEF-3A0F-496F-A21D-D95182ACFCA6}.Release|Any CPU.ActiveCfg = Release|Any CPU
		{A08E5AEF-3A0F-496F-A21D-D95182ACFCA6}.Release|Any CPU.Build.0 = Release|Any CPU
		{A08E5AEF-3A0F-496F-A21D-D95182ACFCA6}.Release|x64.ActiveCfg = Release|Any CPU
		{A08E5AEF-3A0F-496F-A21D-D95182ACFCA6}.Release|x64.Build.0 = Release|Any CPU
		{A08E5AEF-3A0F-496F-A21D-D95182ACFCA6}.Release|x86.ActiveCfg = Release|Any CPU
		{A08E5AEF-3A0F-496F-A21D-D95182ACFCA6}.Release|x86.Build.0 = Release|Any CPU
		{1FD0A806-550E-43A1-9E75-D8893273D659}.Debug|Any CPU.ActiveCfg = Debug|Any CPU
		{1FD0A806-550E-43A1-9E75-D8893273D659}.Debug|Any CPU.Build.0 = Debug|Any CPU
		{1FD0A806-550E-43A1-9E75-D8893273D659}.Debug|x64.ActiveCfg = Debug|Any CPU
		{1FD0A806-550E-43A1-9E75-D8893273D659}.Debug|x64.Build.0 = Debug|Any CPU
		{1FD0A806-550E-43A1-9E75-D8893273D659}.Debug|x86.ActiveCfg = Debug|Any CPU
		{1FD0A806-550E-43A1-9E75-D8893273D659}.Debug|x86.Build.0 = Debug|Any CPU
		{1FD0A806-550E-43A1-9E75-D8893273D659}.Release|Any CPU.ActiveCfg = Release|Any CPU
		{1FD0A806-550E-43A1-9E75-D8893273D659}.Release|Any CPU.Build.0 = Release|Any CPU
		{1FD0A806-550E-43A1-9E75-D8893273D659}.Release|x64.ActiveCfg = Release|Any CPU
		{1FD0A806-550E-43A1-9E75-D8893273D659}.Release|x64.Build.0 = Release|Any CPU
		{1FD0A806-550E-43A1-9E75-D8893273D659}.Release|x86.ActiveCfg = Release|Any CPU
		{1FD0A806-550E-43A1-9E75-D8893273D659}.Release|x86.Build.0 = Release|Any CPU
		{C135EEAD-2258-45E8-AD89-3BC1C6763547}.Debug|Any CPU.ActiveCfg = Debug|Any CPU
		{C135EEAD-2258-45E8-AD89-3BC1C6763547}.Debug|Any CPU.Build.0 = Debug|Any CPU
		{C135EEAD-2258-45E8-AD89-3BC1C6763547}.Debug|x64.ActiveCfg = Debug|Any CPU
		{C135EEAD-2258-45E8-AD89-3BC1C6763547}.Debug|x64.Build.0 = Debug|Any CPU
		{C135EEAD-2258-45E8-AD89-3BC1C6763547}.Debug|x86.ActiveCfg = Debug|Any CPU
		{C135EEAD-2258-45E8-AD89-3BC1C6763547}.Debug|x86.Build.0 = Debug|Any CPU
		{C135EEAD-2258-45E8-AD89-3BC1C6763547}.Release|Any CPU.ActiveCfg = Release|Any CPU
		{C135EEAD-2258-45E8-AD89-3BC1C6763547}.Release|Any CPU.Build.0 = Release|Any CPU
		{C135EEAD-2258-45E8-AD89-3BC1C6763547}.Release|x64.ActiveCfg = Release|Any CPU
		{C135EEAD-2258-45E8-AD89-3BC1C6763547}.Release|x64.Build.0 = Release|Any CPU
		{C135EEAD-2258-45E8-AD89-3BC1C6763547}.Release|x86.ActiveCfg = Release|Any CPU
		{C135EEAD-2258-45E8-AD89-3BC1C6763547}.Release|x86.Build.0 = Release|Any CPU
	EndGlobalSection
	GlobalSection(SolutionProperties) = preSolution
		HideSolutionNode = FALSE
	EndGlobalSection
	GlobalSection(NestedProjects) = preSolution
		{EF02A958-7627-4BF8-A8CA-1EA06F5D77D2} = {7266C4A9-E384-DC00-0EB6-47F6002CFBA7}
		{A1A0F5F1-3384-470E-BFB0-65283A86A641} = {7266C4A9-E384-DC00-0EB6-47F6002CFBA7}
		{2BA862E6-FC2D-4122-8717-2DB6F6DE80C5} = {7266C4A9-E384-DC00-0EB6-47F6002CFBA7}
		{7CB79668-DE64-480B-BB04-2F911D6CBE15} = {7266C4A9-E384-DC00-0EB6-47F6002CFBA7}
		{13AABDAD-5921-EA78-E4D3-A5AF19B34C6F} = {5854FF58-B8C5-05C6-5BF2-ACE42193F22B}
		{D442C4F4-B83B-B83E-FE9A-EB8F88E46C37} = {13AABDAD-5921-EA78-E4D3-A5AF19B34C6F}
		{7871B151-832E-293A-ACAC-A80CF443C745} = {13AABDAD-5921-EA78-E4D3-A5AF19B34C6F}
		{6F949FDC-07B6-1E25-D6E8-4DD4C5A0CEA2} = {13AABDAD-5921-EA78-E4D3-A5AF19B34C6F}
		{EF2B5051-6749-0A6E-4516-54DBFB76055A} = {13AABDAD-5921-EA78-E4D3-A5AF19B34C6F}
		{378295AF-C144-6721-7CFF-8DE6E58ED8C7} = {5854FF58-B8C5-05C6-5BF2-ACE42193F22B}
		{4464742C-0D3D-B3F7-CDCF-E13DA7D64958} = {378295AF-C144-6721-7CFF-8DE6E58ED8C7}
		{8FC33C01-49F6-4CB9-B3DD-1A0945E82263} = {4464742C-0D3D-B3F7-CDCF-E13DA7D64958}
		{23F10217-D6C8-3798-EC45-F53C8A5C556E} = {378295AF-C144-6721-7CFF-8DE6E58ED8C7}
		{A08E5AEF-3A0F-496F-A21D-D95182ACFCA6} = {23F10217-D6C8-3798-EC45-F53C8A5C556E}
		{7A49977A-6846-9E63-8635-1927526E15D0} = {378295AF-C144-6721-7CFF-8DE6E58ED8C7}
		{1FD0A806-550E-43A1-9E75-D8893273D659} = {7A49977A-6846-9E63-8635-1927526E15D0}
		{C135EEAD-2258-45E8-AD89-3BC1C6763547} = {378295AF-C144-6721-7CFF-8DE6E58ED8C7}
	EndGlobalSection
EndGlobal
