
Microsoft Visual Studio Solution File, Format Version 12.00
# Visual Studio Version 17
VisualStudioVersion = 17.0.31903.59
MinimumVisualStudioVersion = 10.0.40219.1
Project("{FAE04EC0-301F-11D3-BF4B-00C04F79EFBC}") = "BuildingBlocks.Domain", "BuildingBlocks.Domain\BuildingBlocks.Domain.csproj", "{EF02A958-7627-4BF8-A8CA-1EA06F5D77D2}"
EndProject
Project("{FAE04EC0-301F-11D3-BF4B-00C04F79EFBC}") = "BuildingBlocks.Application", "BuildingBlocks.Application\BuildingBlocks.Application.csproj", "{A1A0F5F1-3384-470E-BFB0-65283A86A641}"
EndProject
Project("{FAE04EC0-301F-11D3-BF4B-00C04F79EFBC}") = "BuildingBlocks.Infrastructure", "BuildingBlocks.Infrastructure\BuildingBlocks.Infrastructure.csproj", "{2BA862E6-FC2D-4122-8717-2DB6F6DE80C5}"
EndProject
Project("{FAE04EC0-301F-11D3-BF4B-00C04F79EFBC}") = "BuildingBlocks.API", "BuildingBlocks.API\BuildingBlocks.API.csproj", "{7CB79668-DE64-480B-BB04-2F911D6CBE15}"
EndProject
Project("{2150E333-8FDC-42A3-9474-1A3956D46DE8}") = "Services", "Services", "{5854FF58-B8C5-05C6-5BF2-ACE42193F22B}"
EndProject
Project("{2150E333-8FDC-42A3-9474-1A3956D46DE8}") = "PatientService", "PatientService", "{13AABDAD-5921-EA78-E4D3-A5AF19B34C6F}"
EndProject
Project("{2150E333-8FDC-42A3-9474-1A3956D46DE8}") = "BuildingBlocks", "BuildingBlocks", "{7266C4A9-E384-DC00-0EB6-47F6002CFBA7}"
EndProject
Project("{FAE04EC0-301F-11D3-BF4B-00C04F79EFBC}") = "PatientService.API", "Services\PatientService\API\PatientService.API.csproj", "{D442C4F4-B83B-B83E-FE9A-EB8F88E46C37}"
EndProject
Project("{FAE04EC0-301F-11D3-BF4B-00C04F79EFBC}") = "PatientService.Application", "Services\PatientService\Application\PatientService.Application.csproj", "{7871B151-832E-293A-ACAC-A80CF443C745}"
EndProject
Project("{FAE04EC0-301F-11D3-BF4B-00C04F79EFBC}") = "PatientService.Domain", "Services\PatientService\Domain\PatientService.Domain.csproj", "{6F949FDC-07B6-1E25-D6E8-4DD4C5A0CEA2}"
EndProject
Project("{FAE04EC0-301F-11D3-BF4B-00C04F79EFBC}") = "PatientService.Infrastructure", "Services\PatientService\Infrastructure\PatientService.Infrastructure.csproj", "{EF2B5051-6749-0A6E-4516-54DBFB76055A}"
EndProject
Project("{2150E333-8FDC-42A3-9474-1A3956D46DE8}") = "AuthService", "AuthService", "{378295AF-C144-6721-7CFF-8DE6E58ED8C7}"
EndProject
Project("{FAE04EC0-301F-11D3-BF4B-00C04F79EFBC}") = "AuthService.API", "Services\AuthService\API\AuthService.API.csproj", "{17C544C4-5BCD-467A-B478-BC8A68786F57}"
EndProject
Project("{FAE04EC0-301F-11D3-BF4B-00C04F79EFBC}") = "AuthService.Application", "Services\AuthService\Application\AuthService.Application.csproj", "{E9C36622-C46E-4556-A0F3-0B4001A61A56}"
EndProject
Project("{FAE04EC0-301F-11D3-BF4B-00C04F79EFBC}") = "AuthService.Domain", "Services\AuthService\Domain\AuthService.Domain.csproj", "{E7B86990-31DB-4D83-851C-BD38F03B4DBD}"
EndProject
Project("{FAE04EC0-301F-11D3-BF4B-00C04F79EFBC}") = "AuthService.Infrastructure", "Services\AuthService\Infrastructure\AuthService.Infrastructure.csproj", "{71B38FAE-0D84-4336-B110-41C0ADB17829}"
EndProject
Project("{2150E333-8FDC-42A3-9474-1A3956D46DE8}") = "ContactService", "ContactService", "{B1234567-1234-1234-1234-123456789ABC}"
EndProject
Project("{FAE04EC0-301F-11D3-BF4B-00C04F79EFBC}") = "ContactService.API", "Services\ContactService\API\ContactService.API.csproj", "{C1234567-1234-1234-1234-123456789ABC}"
EndProject
Project("{FAE04EC0-301F-11D3-BF4B-00C04F79EFBC}") = "ContactService.Application", "Services\ContactService\Application\ContactService.Application.csproj", "{D1234567-1234-1234-1234-123456789ABC}"
EndProject
Project("{FAE04EC0-301F-11D3-BF4B-00C04F79EFBC}") = "ContactService.Domain", "Services\ContactService\Domain\ContactService.Domain.csproj", "{E1234567-1234-1234-1234-123456789ABC}"
EndProject
Project("{FAE04EC0-301F-11D3-BF4B-00C04F79EFBC}") = "ContactService.Infrastructure", "Services\ContactService\Infrastructure\ContactService.Infrastructure.csproj", "{F1234567-1234-1234-1234-123456789ABC}"
EndProject
Project("{2150E333-8FDC-42A3-9474-1A3956D46DE8}") = "StoreService", "StoreService", "{9B7775DF-3202-822D-404C-A73478D905E5}"
EndProject
Project("{FAE04EC0-301F-11D3-BF4B-00C04F79EFBC}") = "StoreService.API", "Services\StoreService\API\StoreService.API.csproj", "{9DBB1225-6524-4DFD-B7F1-CAF82F649798}"
EndProject
Project("{FAE04EC0-301F-11D3-BF4B-00C04F79EFBC}") = "StoreService.Application", "Services\StoreService\Application\StoreService.Application.csproj", "{DC40C52C-ADA2-4121-84C6-CCF5E2C0E6BA}"
EndProject
Project("{FAE04EC0-301F-11D3-BF4B-00C04F79EFBC}") = "StoreService.Domain", "Services\StoreService\Domain\StoreService.Domain.csproj", "{51FF6354-A919-4B47-948E-502B01FE2446}"
EndProject
Project("{FAE04EC0-301F-11D3-BF4B-00C04F79EFBC}") = "StoreService.Infrastructure", "Services\StoreService\Infrastructure\StoreService.Infrastructure.csproj", "{BC52E0F9-1030-4FF4-A023-0054ABFF5A8C}"
EndProject
Project("{2150E333-8FDC-42A3-9474-1A3956D46DE8}") = "CustomerService", "CustomerService", "{A2345678-1234-1234-1234-123456789ABC}"
EndProject
Project("{FAE04EC0-301F-11D3-BF4B-00C04F79EFBC}") = "CustomerService.API", "Services\CustomerService\API\CustomerService.API.csproj", "{B2345678-1234-1234-1234-123456789ABC}"
EndProject
Project("{FAE04EC0-301F-11D3-BF4B-00C04F79EFBC}") = "CustomerService.Application", "Services\CustomerService\Application\CustomerService.Application.csproj", "{C2345678-1234-1234-1234-123456789ABC}"
EndProject
Project("{FAE04EC0-301F-11D3-BF4B-00C04F79EFBC}") = "CustomerService.Domain", "Services\CustomerService\Domain\CustomerService.Domain.csproj", "{D2345678-1234-1234-1234-123456789ABC}"
EndProject
Project("{FAE04EC0-301F-11D3-BF4B-00C04F79EFBC}") = "CustomerService.Infrastructure", "Services\CustomerService\Infrastructure\CustomerService.Infrastructure.csproj", "{E2345678-1234-1234-1234-123456789ABC}"
EndProject
Project("{FAE04EC0-301F-11D3-BF4B-00C04F79EFBC}") = "CustomerService.Tests", "Services\CustomerService\CustomerService.Tests\CustomerService.Tests.csproj", "{F2345678-1234-1234-1234-123456789ABC}"
EndProject
Project("{2150E333-8FDC-42A3-9474-1A3956D46DE8}") = "CatalogService", "CatalogService", "{C3456789-1234-1234-1234-123456789ABC}"
EndProject
Project("{FAE04EC0-301F-11D3-BF4B-00C04F79EFBC}") = "CatalogService.API", "Services\CatalogService\API\CatalogService.API.csproj", "{D3456789-1234-1234-1234-123456789ABC}"
EndProject
Project("{FAE04EC0-301F-11D3-BF4B-00C04F79EFBC}") = "CatalogService.Application", "Services\CatalogService\Application\CatalogService.Application.csproj", "{E3456789-1234-1234-1234-123456789ABC}"
EndProject
Project("{FAE04EC0-301F-11D3-BF4B-00C04F79EFBC}") = "CatalogService.Domain", "Services\CatalogService\Domain\CatalogService.Domain.csproj", "{F3456789-1234-1234-1234-123456789ABC}"
EndProject
Project("{FAE04EC0-301F-11D3-BF4B-00C04F79EFBC}") = "CatalogService.Infrastructure", "Services\CatalogService\Infrastructure\CatalogService.Infrastructure.csproj", "{A4567890-1234-1234-1234-123456789ABC}"
EndProject
Global
	GlobalSection(SolutionConfigurationPlatforms) = preSolution
		Debug|Any CPU = Debug|Any CPU
		Debug|x64 = Debug|x64
		Debug|x86 = Debug|x86
		Release|Any CPU = Release|Any CPU
		Release|x64 = Release|x64
		Release|x86 = Release|x86
	EndGlobalSection
	GlobalSection(ProjectConfigurationPlatforms) = postSolution
		{EF02A958-7627-4BF8-A8CA-1EA06F5D77D2}.Debug|Any CPU.ActiveCfg = Debug|Any CPU
		{EF02A958-7627-4BF8-A8CA-1EA06F5D77D2}.Debug|Any CPU.Build.0 = Debug|Any CPU
		{EF02A958-7627-4BF8-A8CA-1EA06F5D77D2}.Debug|x64.ActiveCfg = Debug|Any CPU
		{EF02A958-7627-4BF8-A8CA-1EA06F5D77D2}.Debug|x64.Build.0 = Debug|Any CPU
		{EF02A958-7627-4BF8-A8CA-1EA06F5D77D2}.Debug|x86.ActiveCfg = Debug|Any CPU
		{EF02A958-7627-4BF8-A8CA-1EA06F5D77D2}.Debug|x86.Build.0 = Debug|Any CPU
		{EF02A958-7627-4BF8-A8CA-1EA06F5D77D2}.Release|Any CPU.ActiveCfg = Release|Any CPU
		{EF02A958-7627-4BF8-A8CA-1EA06F5D77D2}.Release|Any CPU.Build.0 = Release|Any CPU
		{EF02A958-7627-4BF8-A8CA-1EA06F5D77D2}.Release|x64.ActiveCfg = Release|Any CPU
		{EF02A958-7627-4BF8-A8CA-1EA06F5D77D2}.Release|x64.Build.0 = Release|Any CPU
		{EF02A958-7627-4BF8-A8CA-1EA06F5D77D2}.Release|x86.ActiveCfg = Release|Any CPU
		{EF02A958-7627-4BF8-A8CA-1EA06F5D77D2}.Release|x86.Build.0 = Release|Any CPU
		{A1A0F5F1-3384-470E-BFB0-65283A86A641}.Debug|Any CPU.ActiveCfg = Debug|Any CPU
		{A1A0F5F1-3384-470E-BFB0-65283A86A641}.Debug|Any CPU.Build.0 = Debug|Any CPU
		{A1A0F5F1-3384-470E-BFB0-65283A86A641}.Debug|x64.ActiveCfg = Debug|Any CPU
		{A1A0F5F1-3384-470E-BFB0-65283A86A641}.Debug|x64.Build.0 = Debug|Any CPU
		{A1A0F5F1-3384-470E-BFB0-65283A86A641}.Debug|x86.ActiveCfg = Debug|Any CPU
		{A1A0F5F1-3384-470E-BFB0-65283A86A641}.Debug|x86.Build.0 = Debug|Any CPU
		{A1A0F5F1-3384-470E-BFB0-65283A86A641}.Release|Any CPU.ActiveCfg = Release|Any CPU
		{A1A0F5F1-3384-470E-BFB0-65283A86A641}.Release|Any CPU.Build.0 = Release|Any CPU
		{A1A0F5F1-3384-470E-BFB0-65283A86A641}.Release|x64.ActiveCfg = Release|Any CPU
		{A1A0F5F1-3384-470E-BFB0-65283A86A641}.Release|x64.Build.0 = Release|Any CPU
		{A1A0F5F1-3384-470E-BFB0-65283A86A641}.Release|x86.ActiveCfg = Release|Any CPU
		{A1A0F5F1-3384-470E-BFB0-65283A86A641}.Release|x86.Build.0 = Release|Any CPU
		{2BA862E6-FC2D-4122-8717-2DB6F6DE80C5}.Debug|Any CPU.ActiveCfg = Debug|Any CPU
		{2BA862E6-FC2D-4122-8717-2DB6F6DE80C5}.Debug|Any CPU.Build.0 = Debug|Any CPU
		{2BA862E6-FC2D-4122-8717-2DB6F6DE80C5}.Debug|x64.ActiveCfg = Debug|Any CPU
		{2BA862E6-FC2D-4122-8717-2DB6F6DE80C5}.Debug|x64.Build.0 = Debug|Any CPU
		{2BA862E6-FC2D-4122-8717-2DB6F6DE80C5}.Debug|x86.ActiveCfg = Debug|Any CPU
		{2BA862E6-FC2D-4122-8717-2DB6F6DE80C5}.Debug|x86.Build.0 = Debug|Any CPU
		{2BA862E6-FC2D-4122-8717-2DB6F6DE80C5}.Release|Any CPU.ActiveCfg = Release|Any CPU
		{2BA862E6-FC2D-4122-8717-2DB6F6DE80C5}.Release|Any CPU.Build.0 = Release|Any CPU
		{2BA862E6-FC2D-4122-8717-2DB6F6DE80C5}.Release|x64.ActiveCfg = Release|Any CPU
		{2BA862E6-FC2D-4122-8717-2DB6F6DE80C5}.Release|x64.Build.0 = Release|Any CPU
		{2BA862E6-FC2D-4122-8717-2DB6F6DE80C5}.Release|x86.ActiveCfg = Release|Any CPU
		{2BA862E6-FC2D-4122-8717-2DB6F6DE80C5}.Release|x86.Build.0 = Release|Any CPU
		{7CB79668-DE64-480B-BB04-2F911D6CBE15}.Debug|Any CPU.ActiveCfg = Debug|Any CPU
		{7CB79668-DE64-480B-BB04-2F911D6CBE15}.Debug|Any CPU.Build.0 = Debug|Any CPU
		{7CB79668-DE64-480B-BB04-2F911D6CBE15}.Debug|x64.ActiveCfg = Debug|Any CPU
		{7CB79668-DE64-480B-BB04-2F911D6CBE15}.Debug|x64.Build.0 = Debug|Any CPU
		{7CB79668-DE64-480B-BB04-2F911D6CBE15}.Debug|x86.ActiveCfg = Debug|Any CPU
		{7CB79668-DE64-480B-BB04-2F911D6CBE15}.Debug|x86.Build.0 = Debug|Any CPU
		{7CB79668-DE64-480B-BB04-2F911D6CBE15}.Release|Any CPU.ActiveCfg = Release|Any CPU
		{7CB79668-DE64-480B-BB04-2F911D6CBE15}.Release|Any CPU.Build.0 = Release|Any CPU
		{7CB79668-DE64-480B-BB04-2F911D6CBE15}.Release|x64.ActiveCfg = Release|Any CPU
		{7CB79668-DE64-480B-BB04-2F911D6CBE15}.Release|x64.Build.0 = Release|Any CPU
		{7CB79668-DE64-480B-BB04-2F911D6CBE15}.Release|x86.ActiveCfg = Release|Any CPU
		{7CB79668-DE64-480B-BB04-2F911D6CBE15}.Release|x86.Build.0 = Release|Any CPU
		{D442C4F4-B83B-B83E-FE9A-EB8F88E46C37}.Debug|Any CPU.ActiveCfg = Debug|Any CPU
		{D442C4F4-B83B-B83E-FE9A-EB8F88E46C37}.Debug|Any CPU.Build.0 = Debug|Any CPU
		{D442C4F4-B83B-B83E-FE9A-EB8F88E46C37}.Debug|x64.ActiveCfg = Debug|Any CPU
		{D442C4F4-B83B-B83E-FE9A-EB8F88E46C37}.Debug|x64.Build.0 = Debug|Any CPU
		{D442C4F4-B83B-B83E-FE9A-EB8F88E46C37}.Debug|x86.ActiveCfg = Debug|Any CPU
		{D442C4F4-B83B-B83E-FE9A-EB8F88E46C37}.Debug|x86.Build.0 = Debug|Any CPU
		{D442C4F4-B83B-B83E-FE9A-EB8F88E46C37}.Release|Any CPU.ActiveCfg = Release|Any CPU
		{D442C4F4-B83B-B83E-FE9A-EB8F88E46C37}.Release|Any CPU.Build.0 = Release|Any CPU
		{D442C4F4-B83B-B83E-FE9A-EB8F88E46C37}.Release|x64.ActiveCfg = Release|Any CPU
		{D442C4F4-B83B-B83E-FE9A-EB8F88E46C37}.Release|x64.Build.0 = Release|Any CPU
		{D442C4F4-B83B-B83E-FE9A-EB8F88E46C37}.Release|x86.ActiveCfg = Release|Any CPU
		{D442C4F4-B83B-B83E-FE9A-EB8F88E46C37}.Release|x86.Build.0 = Release|Any CPU
		{7871B151-832E-293A-ACAC-A80CF443C745}.Debug|Any CPU.ActiveCfg = Debug|Any CPU
		{7871B151-832E-293A-ACAC-A80CF443C745}.Debug|Any CPU.Build.0 = Debug|Any CPU
		{7871B151-832E-293A-ACAC-A80CF443C745}.Debug|x64.ActiveCfg = Debug|Any CPU
		{7871B151-832E-293A-ACAC-A80CF443C745}.Debug|x64.Build.0 = Debug|Any CPU
		{7871B151-832E-293A-ACAC-A80CF443C745}.Debug|x86.ActiveCfg = Debug|Any CPU
		{7871B151-832E-293A-ACAC-A80CF443C745}.Debug|x86.Build.0 = Debug|Any CPU
		{7871B151-832E-293A-ACAC-A80CF443C745}.Release|Any CPU.ActiveCfg = Release|Any CPU
		{7871B151-832E-293A-ACAC-A80CF443C745}.Release|Any CPU.Build.0 = Release|Any CPU
		{7871B151-832E-293A-ACAC-A80CF443C745}.Release|x64.ActiveCfg = Release|Any CPU
		{7871B151-832E-293A-ACAC-A80CF443C745}.Release|x64.Build.0 = Release|Any CPU
		{7871B151-832E-293A-ACAC-A80CF443C745}.Release|x86.ActiveCfg = Release|Any CPU
		{7871B151-832E-293A-ACAC-A80CF443C745}.Release|x86.Build.0 = Release|Any CPU
		{6F949FDC-07B6-1E25-D6E8-4DD4C5A0CEA2}.Debug|Any CPU.ActiveCfg = Debug|Any CPU
		{6F949FDC-07B6-1E25-D6E8-4DD4C5A0CEA2}.Debug|Any CPU.Build.0 = Debug|Any CPU
		{6F949FDC-07B6-1E25-D6E8-4DD4C5A0CEA2}.Debug|x64.ActiveCfg = Debug|Any CPU
		{6F949FDC-07B6-1E25-D6E8-4DD4C5A0CEA2}.Debug|x64.Build.0 = Debug|Any CPU
		{6F949FDC-07B6-1E25-D6E8-4DD4C5A0CEA2}.Debug|x86.ActiveCfg = Debug|Any CPU
		{6F949FDC-07B6-1E25-D6E8-4DD4C5A0CEA2}.Debug|x86.Build.0 = Debug|Any CPU
		{6F949FDC-07B6-1E25-D6E8-4DD4C5A0CEA2}.Release|Any CPU.ActiveCfg = Release|Any CPU
		{6F949FDC-07B6-1E25-D6E8-4DD4C5A0CEA2}.Release|Any CPU.Build.0 = Release|Any CPU
		{6F949FDC-07B6-1E25-D6E8-4DD4C5A0CEA2}.Release|x64.ActiveCfg = Release|Any CPU
		{6F949FDC-07B6-1E25-D6E8-4DD4C5A0CEA2}.Release|x64.Build.0 = Release|Any CPU
		{6F949FDC-07B6-1E25-D6E8-4DD4C5A0CEA2}.Release|x86.ActiveCfg = Release|Any CPU
		{6F949FDC-07B6-1E25-D6E8-4DD4C5A0CEA2}.Release|x86.Build.0 = Release|Any CPU
		{EF2B5051-6749-0A6E-4516-54DBFB76055A}.Debug|Any CPU.ActiveCfg = Debug|Any CPU
		{EF2B5051-6749-0A6E-4516-54DBFB76055A}.Debug|Any CPU.Build.0 = Debug|Any CPU
		{EF2B5051-6749-0A6E-4516-54DBFB76055A}.Debug|x64.ActiveCfg = Debug|Any CPU
		{EF2B5051-6749-0A6E-4516-54DBFB76055A}.Debug|x64.Build.0 = Debug|Any CPU
		{EF2B5051-6749-0A6E-4516-54DBFB76055A}.Debug|x86.ActiveCfg = Debug|Any CPU
		{EF2B5051-6749-0A6E-4516-54DBFB76055A}.Debug|x86.Build.0 = Debug|Any CPU
		{EF2B5051-6749-0A6E-4516-54DBFB76055A}.Release|Any CPU.ActiveCfg = Release|Any CPU
		{EF2B5051-6749-0A6E-4516-54DBFB76055A}.Release|Any CPU.Build.0 = Release|Any CPU
		{EF2B5051-6749-0A6E-4516-54DBFB76055A}.Release|x64.ActiveCfg = Release|Any CPU
		{EF2B5051-6749-0A6E-4516-54DBFB76055A}.Release|x64.Build.0 = Release|Any CPU
		{EF2B5051-6749-0A6E-4516-54DBFB76055A}.Release|x86.ActiveCfg = Release|Any CPU
		{EF2B5051-6749-0A6E-4516-54DBFB76055A}.Release|x86.Build.0 = Release|Any CPU
		{17C544C4-5BCD-467A-B478-BC8A68786F57}.Debug|Any CPU.ActiveCfg = Debug|Any CPU
		{17C544C4-5BCD-467A-B478-BC8A68786F57}.Debug|Any CPU.Build.0 = Debug|Any CPU
		{17C544C4-5BCD-467A-B478-BC8A68786F57}.Debug|x64.ActiveCfg = Debug|Any CPU
		{17C544C4-5BCD-467A-B478-BC8A68786F57}.Debug|x64.Build.0 = Debug|Any CPU
		{17C544C4-5BCD-467A-B478-BC8A68786F57}.Debug|x86.ActiveCfg = Debug|Any CPU
		{17C544C4-5BCD-467A-B478-BC8A68786F57}.Debug|x86.Build.0 = Debug|Any CPU
		{17C544C4-5BCD-467A-B478-BC8A68786F57}.Release|Any CPU.ActiveCfg = Release|Any CPU
		{17C544C4-5BCD-467A-B478-BC8A68786F57}.Release|Any CPU.Build.0 = Release|Any CPU
		{17C544C4-5BCD-467A-B478-BC8A68786F57}.Release|x64.ActiveCfg = Release|Any CPU
		{17C544C4-5BCD-467A-B478-BC8A68786F57}.Release|x64.Build.0 = Release|Any CPU
		{17C544C4-5BCD-467A-B478-BC8A68786F57}.Release|x86.ActiveCfg = Release|Any CPU
		{17C544C4-5BCD-467A-B478-BC8A68786F57}.Release|x86.Build.0 = Release|Any CPU
		{E9C36622-C46E-4556-A0F3-0B4001A61A56}.Debug|Any CPU.ActiveCfg = Debug|Any CPU
		{E9C36622-C46E-4556-A0F3-0B4001A61A56}.Debug|Any CPU.Build.0 = Debug|Any CPU
		{E9C36622-C46E-4556-A0F3-0B4001A61A56}.Debug|x64.ActiveCfg = Debug|Any CPU
		{E9C36622-C46E-4556-A0F3-0B4001A61A56}.Debug|x64.Build.0 = Debug|Any CPU
		{E9C36622-C46E-4556-A0F3-0B4001A61A56}.Debug|x86.ActiveCfg = Debug|Any CPU
		{E9C36622-C46E-4556-A0F3-0B4001A61A56}.Debug|x86.Build.0 = Debug|Any CPU
		{E9C36622-C46E-4556-A0F3-0B4001A61A56}.Release|Any CPU.ActiveCfg = Release|Any CPU
		{E9C36622-C46E-4556-A0F3-0B4001A61A56}.Release|Any CPU.Build.0 = Release|Any CPU
		{E9C36622-C46E-4556-A0F3-0B4001A61A56}.Release|x64.ActiveCfg = Release|Any CPU
		{E9C36622-C46E-4556-A0F3-0B4001A61A56}.Release|x64.Build.0 = Release|Any CPU
		{E9C36622-C46E-4556-A0F3-0B4001A61A56}.Release|x86.ActiveCfg = Release|Any CPU
		{E9C36622-C46E-4556-A0F3-0B4001A61A56}.Release|x86.Build.0 = Release|Any CPU
		{E7B86990-31DB-4D83-851C-BD38F03B4DBD}.Debug|Any CPU.ActiveCfg = Debug|Any CPU
		{E7B86990-31DB-4D83-851C-BD38F03B4DBD}.Debug|Any CPU.Build.0 = Debug|Any CPU
		{E7B86990-31DB-4D83-851C-BD38F03B4DBD}.Debug|x64.ActiveCfg = Debug|Any CPU
		{E7B86990-31DB-4D83-851C-BD38F03B4DBD}.Debug|x64.Build.0 = Debug|Any CPU
		{E7B86990-31DB-4D83-851C-BD38F03B4DBD}.Debug|x86.ActiveCfg = Debug|Any CPU
		{E7B86990-31DB-4D83-851C-BD38F03B4DBD}.Debug|x86.Build.0 = Debug|Any CPU
		{E7B86990-31DB-4D83-851C-BD38F03B4DBD}.Release|Any CPU.ActiveCfg = Release|Any CPU
		{E7B86990-31DB-4D83-851C-BD38F03B4DBD}.Release|Any CPU.Build.0 = Release|Any CPU
		{E7B86990-31DB-4D83-851C-BD38F03B4DBD}.Release|x64.ActiveCfg = Release|Any CPU
		{E7B86990-31DB-4D83-851C-BD38F03B4DBD}.Release|x64.Build.0 = Release|Any CPU
		{E7B86990-31DB-4D83-851C-BD38F03B4DBD}.Release|x86.ActiveCfg = Release|Any CPU
		{E7B86990-31DB-4D83-851C-BD38F03B4DBD}.Release|x86.Build.0 = Release|Any CPU
		{71B38FAE-0D84-4336-B110-41C0ADB17829}.Debug|Any CPU.ActiveCfg = Debug|Any CPU
		{71B38FAE-0D84-4336-B110-41C0ADB17829}.Debug|Any CPU.Build.0 = Debug|Any CPU
		{71B38FAE-0D84-4336-B110-41C0ADB17829}.Debug|x64.ActiveCfg = Debug|Any CPU
		{71B38FAE-0D84-4336-B110-41C0ADB17829}.Debug|x64.Build.0 = Debug|Any CPU
		{71B38FAE-0D84-4336-B110-41C0ADB17829}.Debug|x86.ActiveCfg = Debug|Any CPU
		{71B38FAE-0D84-4336-B110-41C0ADB17829}.Debug|x86.Build.0 = Debug|Any CPU
		{71B38FAE-0D84-4336-B110-41C0ADB17829}.Release|Any CPU.ActiveCfg = Release|Any CPU
		{71B38FAE-0D84-4336-B110-41C0ADB17829}.Release|Any CPU.Build.0 = Release|Any CPU
		{71B38FAE-0D84-4336-B110-41C0ADB17829}.Release|x64.ActiveCfg = Release|Any CPU
		{71B38FAE-0D84-4336-B110-41C0ADB17829}.Release|x64.Build.0 = Release|Any CPU
		{71B38FAE-0D84-4336-B110-41C0ADB17829}.Release|x86.ActiveCfg = Release|Any CPU
		{71B38FAE-0D84-4336-B110-41C0ADB17829}.Release|x86.Build.0 = Release|Any CPU
		{C1234567-1234-1234-1234-123456789ABC}.Debug|Any CPU.ActiveCfg = Debug|Any CPU
		{C1234567-1234-1234-1234-123456789ABC}.Debug|Any CPU.Build.0 = Debug|Any CPU
		{C1234567-1234-1234-1234-123456789ABC}.Debug|x64.ActiveCfg = Debug|Any CPU
		{C1234567-1234-1234-1234-123456789ABC}.Debug|x64.Build.0 = Debug|Any CPU
		{C1234567-1234-1234-1234-123456789ABC}.Debug|x86.ActiveCfg = Debug|Any CPU
		{C1234567-1234-1234-1234-123456789ABC}.Debug|x86.Build.0 = Debug|Any CPU
		{C1234567-1234-1234-1234-123456789ABC}.Release|Any CPU.ActiveCfg = Release|Any CPU
		{C1234567-1234-1234-1234-123456789ABC}.Release|Any CPU.Build.0 = Release|Any CPU
		{C1234567-1234-1234-1234-123456789ABC}.Release|x64.ActiveCfg = Release|Any CPU
		{C1234567-1234-1234-1234-123456789ABC}.Release|x64.Build.0 = Release|Any CPU
		{C1234567-1234-1234-1234-123456789ABC}.Release|x86.ActiveCfg = Release|Any CPU
		{C1234567-1234-1234-1234-123456789ABC}.Release|x86.Build.0 = Release|Any CPU
		{D1234567-1234-1234-1234-123456789ABC}.Debug|Any CPU.ActiveCfg = Debug|Any CPU
		{D1234567-1234-1234-1234-123456789ABC}.Debug|Any CPU.Build.0 = Debug|Any CPU
		{D1234567-1234-1234-1234-123456789ABC}.Debug|x64.ActiveCfg = Debug|Any CPU
		{D1234567-1234-1234-1234-123456789ABC}.Debug|x64.Build.0 = Debug|Any CPU
		{D1234567-1234-1234-1234-123456789ABC}.Debug|x86.ActiveCfg = Debug|Any CPU
		{D1234567-1234-1234-1234-123456789ABC}.Debug|x86.Build.0 = Debug|Any CPU
		{D1234567-1234-1234-1234-123456789ABC}.Release|Any CPU.ActiveCfg = Release|Any CPU
		{D1234567-1234-1234-1234-123456789ABC}.Release|Any CPU.Build.0 = Release|Any CPU
		{D1234567-1234-1234-1234-123456789ABC}.Release|x64.ActiveCfg = Release|Any CPU
		{D1234567-1234-1234-1234-123456789ABC}.Release|x64.Build.0 = Release|Any CPU
		{D1234567-1234-1234-1234-123456789ABC}.Release|x86.ActiveCfg = Release|Any CPU
		{D1234567-1234-1234-1234-123456789ABC}.Release|x86.Build.0 = Release|Any CPU
		{E1234567-1234-1234-1234-123456789ABC}.Debug|Any CPU.ActiveCfg = Debug|Any CPU
		{E1234567-1234-1234-1234-123456789ABC}.Debug|Any CPU.Build.0 = Debug|Any CPU
		{E1234567-1234-1234-1234-123456789ABC}.Debug|x64.ActiveCfg = Debug|Any CPU
		{E1234567-1234-1234-1234-123456789ABC}.Debug|x64.Build.0 = Debug|Any CPU
		{E1234567-1234-1234-1234-123456789ABC}.Debug|x86.ActiveCfg = Debug|Any CPU
		{E1234567-1234-1234-1234-123456789ABC}.Debug|x86.Build.0 = Debug|Any CPU
		{E1234567-1234-1234-1234-123456789ABC}.Release|Any CPU.ActiveCfg = Release|Any CPU
		{E1234567-1234-1234-1234-123456789ABC}.Release|Any CPU.Build.0 = Release|Any CPU
		{E1234567-1234-1234-1234-123456789ABC}.Release|x64.ActiveCfg = Release|Any CPU
		{E1234567-1234-1234-1234-123456789ABC}.Release|x64.Build.0 = Release|Any CPU
		{E1234567-1234-1234-1234-123456789ABC}.Release|x86.ActiveCfg = Release|Any CPU
		{E1234567-1234-1234-1234-123456789ABC}.Release|x86.Build.0 = Release|Any CPU
		{F1234567-1234-1234-1234-123456789ABC}.Debug|Any CPU.ActiveCfg = Debug|Any CPU
		{F1234567-1234-1234-1234-123456789ABC}.Debug|Any CPU.Build.0 = Debug|Any CPU
		{F1234567-1234-1234-1234-123456789ABC}.Debug|x64.ActiveCfg = Debug|Any CPU
		{F1234567-1234-1234-1234-123456789ABC}.Debug|x64.Build.0 = Debug|Any CPU
		{F1234567-1234-1234-1234-123456789ABC}.Debug|x86.ActiveCfg = Debug|Any CPU
		{F1234567-1234-1234-1234-123456789ABC}.Debug|x86.Build.0 = Debug|Any CPU
		{F1234567-1234-1234-1234-123456789ABC}.Release|Any CPU.ActiveCfg = Release|Any CPU
		{F1234567-1234-1234-1234-123456789ABC}.Release|Any CPU.Build.0 = Release|Any CPU
		{F1234567-1234-1234-1234-123456789ABC}.Release|x64.ActiveCfg = Release|Any CPU
		{F1234567-1234-1234-1234-123456789ABC}.Release|x64.Build.0 = Release|Any CPU
		{F1234567-1234-1234-1234-123456789ABC}.Release|x86.ActiveCfg = Release|Any CPU
		{F1234567-1234-1234-1234-123456789ABC}.Release|x86.Build.0 = Release|Any CPU
		{9DBB1225-6524-4DFD-B7F1-CAF82F649798}.Debug|Any CPU.ActiveCfg = Debug|Any CPU
		{9DBB1225-6524-4DFD-B7F1-CAF82F649798}.Debug|Any CPU.Build.0 = Debug|Any CPU
		{9DBB1225-6524-4DFD-B7F1-CAF82F649798}.Debug|x64.ActiveCfg = Debug|Any CPU
		{9DBB1225-6524-4DFD-B7F1-CAF82F649798}.Debug|x64.Build.0 = Debug|Any CPU
		{9DBB1225-6524-4DFD-B7F1-CAF82F649798}.Debug|x86.ActiveCfg = Debug|Any CPU
		{9DBB1225-6524-4DFD-B7F1-CAF82F649798}.Debug|x86.Build.0 = Debug|Any CPU
		{9DBB1225-6524-4DFD-B7F1-CAF82F649798}.Release|Any CPU.ActiveCfg = Release|Any CPU
		{9DBB1225-6524-4DFD-B7F1-CAF82F649798}.Release|Any CPU.Build.0 = Release|Any CPU
		{9DBB1225-6524-4DFD-B7F1-CAF82F649798}.Release|x64.ActiveCfg = Release|Any CPU
		{9DBB1225-6524-4DFD-B7F1-CAF82F649798}.Release|x64.Build.0 = Release|Any CPU
		{9DBB1225-6524-4DFD-B7F1-CAF82F649798}.Release|x86.ActiveCfg = Release|Any CPU
		{9DBB1225-6524-4DFD-B7F1-CAF82F649798}.Release|x86.Build.0 = Release|Any CPU
		{DC40C52C-ADA2-4121-84C6-CCF5E2C0E6BA}.Debug|Any CPU.ActiveCfg = Debug|Any CPU
		{DC40C52C-ADA2-4121-84C6-CCF5E2C0E6BA}.Debug|Any CPU.Build.0 = Debug|Any CPU
		{DC40C52C-ADA2-4121-84C6-CCF5E2C0E6BA}.Debug|x64.ActiveCfg = Debug|Any CPU
		{DC40C52C-ADA2-4121-84C6-CCF5E2C0E6BA}.Debug|x64.Build.0 = Debug|Any CPU
		{DC40C52C-ADA2-4121-84C6-CCF5E2C0E6BA}.Debug|x86.ActiveCfg = Debug|Any CPU
		{DC40C52C-ADA2-4121-84C6-CCF5E2C0E6BA}.Debug|x86.Build.0 = Debug|Any CPU
		{DC40C52C-ADA2-4121-84C6-CCF5E2C0E6BA}.Release|Any CPU.ActiveCfg = Release|Any CPU
		{DC40C52C-ADA2-4121-84C6-CCF5E2C0E6BA}.Release|Any CPU.Build.0 = Release|Any CPU
		{DC40C52C-ADA2-4121-84C6-CCF5E2C0E6BA}.Release|x64.ActiveCfg = Release|Any CPU
		{DC40C52C-ADA2-4121-84C6-CCF5E2C0E6BA}.Release|x64.Build.0 = Release|Any CPU
		{DC40C52C-ADA2-4121-84C6-CCF5E2C0E6BA}.Release|x86.ActiveCfg = Release|Any CPU
		{DC40C52C-ADA2-4121-84C6-CCF5E2C0E6BA}.Release|x86.Build.0 = Release|Any CPU
		{51FF6354-A919-4B47-948E-502B01FE2446}.Debug|Any CPU.ActiveCfg = Debug|Any CPU
		{51FF6354-A919-4B47-948E-502B01FE2446}.Debug|Any CPU.Build.0 = Debug|Any CPU
		{51FF6354-A919-4B47-948E-502B01FE2446}.Debug|x64.ActiveCfg = Debug|Any CPU
		{51FF6354-A919-4B47-948E-502B01FE2446}.Debug|x64.Build.0 = Debug|Any CPU
		{51FF6354-A919-4B47-948E-502B01FE2446}.Debug|x86.ActiveCfg = Debug|Any CPU
		{51FF6354-A919-4B47-948E-502B01FE2446}.Debug|x86.Build.0 = Debug|Any CPU
		{51FF6354-A919-4B47-948E-502B01FE2446}.Release|Any CPU.ActiveCfg = Release|Any CPU
		{51FF6354-A919-4B47-948E-502B01FE2446}.Release|Any CPU.Build.0 = Release|Any CPU
		{51FF6354-A919-4B47-948E-502B01FE2446}.Release|x64.ActiveCfg = Release|Any CPU
		{51FF6354-A919-4B47-948E-502B01FE2446}.Release|x64.Build.0 = Release|Any CPU
		{51FF6354-A919-4B47-948E-502B01FE2446}.Release|x86.ActiveCfg = Release|Any CPU
		{51FF6354-A919-4B47-948E-502B01FE2446}.Release|x86.Build.0 = Release|Any CPU
		{BC52E0F9-1030-4FF4-A023-0054ABFF5A8C}.Debug|Any CPU.ActiveCfg = Debug|Any CPU
		{BC52E0F9-1030-4FF4-A023-0054ABFF5A8C}.Debug|Any CPU.Build.0 = Debug|Any CPU
		{BC52E0F9-1030-4FF4-A023-0054ABFF5A8C}.Debug|x64.ActiveCfg = Debug|Any CPU
		{BC52E0F9-1030-4FF4-A023-0054ABFF5A8C}.Debug|x64.Build.0 = Debug|Any CPU
		{BC52E0F9-1030-4FF4-A023-0054ABFF5A8C}.Debug|x86.ActiveCfg = Debug|Any CPU
		{BC52E0F9-1030-4FF4-A023-0054ABFF5A8C}.Debug|x86.Build.0 = Debug|Any CPU
		{BC52E0F9-1030-4FF4-A023-0054ABFF5A8C}.Release|Any CPU.ActiveCfg = Release|Any CPU
		{BC52E0F9-1030-4FF4-A023-0054ABFF5A8C}.Release|Any CPU.Build.0 = Release|Any CPU
		{BC52E0F9-1030-4FF4-A023-0054ABFF5A8C}.Release|x64.ActiveCfg = Release|Any CPU
		{BC52E0F9-1030-4FF4-A023-0054ABFF5A8C}.Release|x64.Build.0 = Release|Any CPU
		{BC52E0F9-1030-4FF4-A023-0054ABFF5A8C}.Release|x86.ActiveCfg = Release|Any CPU
		{BC52E0F9-1030-4FF4-A023-0054ABFF5A8C}.Release|x86.Build.0 = Release|Any CPU
		{B2345678-1234-1234-1234-123456789ABC}.Debug|Any CPU.ActiveCfg = Debug|Any CPU
		{B2345678-1234-1234-1234-123456789ABC}.Debug|Any CPU.Build.0 = Debug|Any CPU
		{B2345678-1234-1234-1234-123456789ABC}.Debug|x64.ActiveCfg = Debug|Any CPU
		{B2345678-1234-1234-1234-123456789ABC}.Debug|x64.Build.0 = Debug|Any CPU
		{B2345678-1234-1234-1234-123456789ABC}.Debug|x86.ActiveCfg = Debug|Any CPU
		{B2345678-1234-1234-1234-123456789ABC}.Debug|x86.Build.0 = Debug|Any CPU
		{B2345678-1234-1234-1234-123456789ABC}.Release|Any CPU.ActiveCfg = Release|Any CPU
		{B2345678-1234-1234-1234-123456789ABC}.Release|Any CPU.Build.0 = Release|Any CPU
		{B2345678-1234-1234-1234-123456789ABC}.Release|x64.ActiveCfg = Release|Any CPU
		{B2345678-1234-1234-1234-123456789ABC}.Release|x64.Build.0 = Release|Any CPU
		{B2345678-1234-1234-1234-123456789ABC}.Release|x86.ActiveCfg = Release|Any CPU
		{B2345678-1234-1234-1234-123456789ABC}.Release|x86.Build.0 = Release|Any CPU
		{C2345678-1234-1234-1234-123456789ABC}.Debug|Any CPU.ActiveCfg = Debug|Any CPU
		{C2345678-1234-1234-1234-123456789ABC}.Debug|Any CPU.Build.0 = Debug|Any CPU
		{C2345678-1234-1234-1234-123456789ABC}.Debug|x64.ActiveCfg = Debug|Any CPU
		{C2345678-1234-1234-1234-123456789ABC}.Debug|x64.Build.0 = Debug|Any CPU
		{C2345678-1234-1234-1234-123456789ABC}.Debug|x86.ActiveCfg = Debug|Any CPU
		{C2345678-1234-1234-1234-123456789ABC}.Debug|x86.Build.0 = Debug|Any CPU
		{C2345678-1234-1234-1234-123456789ABC}.Release|Any CPU.ActiveCfg = Release|Any CPU
		{C2345678-1234-1234-1234-123456789ABC}.Release|Any CPU.Build.0 = Release|Any CPU
		{C2345678-1234-1234-1234-123456789ABC}.Release|x64.ActiveCfg = Release|Any CPU
		{C2345678-1234-1234-1234-123456789ABC}.Release|x64.Build.0 = Release|Any CPU
		{C2345678-1234-1234-1234-123456789ABC}.Release|x86.ActiveCfg = Release|Any CPU
		{C2345678-1234-1234-1234-123456789ABC}.Release|x86.Build.0 = Release|Any CPU
		{D2345678-1234-1234-1234-123456789ABC}.Debug|Any CPU.ActiveCfg = Debug|Any CPU
		{D2345678-1234-1234-1234-123456789ABC}.Debug|Any CPU.Build.0 = Debug|Any CPU
		{D2345678-1234-1234-1234-123456789ABC}.Debug|x64.ActiveCfg = Debug|Any CPU
		{D2345678-1234-1234-1234-123456789ABC}.Debug|x64.Build.0 = Debug|Any CPU
		{D2345678-1234-1234-1234-123456789ABC}.Debug|x86.ActiveCfg = Debug|Any CPU
		{D2345678-1234-1234-1234-123456789ABC}.Debug|x86.Build.0 = Debug|Any CPU
		{D2345678-1234-1234-1234-123456789ABC}.Release|Any CPU.ActiveCfg = Release|Any CPU
		{D2345678-1234-1234-1234-123456789ABC}.Release|Any CPU.Build.0 = Release|Any CPU
		{D2345678-1234-1234-1234-123456789ABC}.Release|x64.ActiveCfg = Release|Any CPU
		{D2345678-1234-1234-1234-123456789ABC}.Release|x64.Build.0 = Release|Any CPU
		{D2345678-1234-1234-1234-123456789ABC}.Release|x86.ActiveCfg = Release|Any CPU
		{D2345678-1234-1234-1234-123456789ABC}.Release|x86.Build.0 = Release|Any CPU
		{E2345678-1234-1234-1234-123456789ABC}.Debug|Any CPU.ActiveCfg = Debug|Any CPU
		{E2345678-1234-1234-1234-123456789ABC}.Debug|Any CPU.Build.0 = Debug|Any CPU
		{E2345678-1234-1234-1234-123456789ABC}.Debug|x64.ActiveCfg = Debug|Any CPU
		{E2345678-1234-1234-1234-123456789ABC}.Debug|x64.Build.0 = Debug|Any CPU
		{E2345678-1234-1234-1234-123456789ABC}.Debug|x86.ActiveCfg = Debug|Any CPU
		{E2345678-1234-1234-1234-123456789ABC}.Debug|x86.Build.0 = Debug|Any CPU
		{E2345678-1234-1234-1234-123456789ABC}.Release|Any CPU.ActiveCfg = Release|Any CPU
		{E2345678-1234-1234-1234-123456789ABC}.Release|Any CPU.Build.0 = Release|Any CPU
		{E2345678-1234-1234-1234-123456789ABC}.Release|x64.ActiveCfg = Release|Any CPU
		{E2345678-1234-1234-1234-123456789ABC}.Release|x64.Build.0 = Release|Any CPU
		{E2345678-1234-1234-1234-123456789ABC}.Release|x86.ActiveCfg = Release|Any CPU
		{E2345678-1234-1234-1234-123456789ABC}.Release|x86.Build.0 = Release|Any CPU
		{F2345678-1234-1234-1234-123456789ABC}.Debug|Any CPU.ActiveCfg = Debug|Any CPU
		{F2345678-1234-1234-1234-123456789ABC}.Debug|Any CPU.Build.0 = Debug|Any CPU
		{F2345678-1234-1234-1234-123456789ABC}.Debug|x64.ActiveCfg = Debug|Any CPU
		{F2345678-1234-1234-1234-123456789ABC}.Debug|x64.Build.0 = Debug|Any CPU
		{F2345678-1234-1234-1234-123456789ABC}.Debug|x86.ActiveCfg = Debug|Any CPU
		{F2345678-1234-1234-1234-123456789ABC}.Debug|x86.Build.0 = Debug|Any CPU
		{F2345678-1234-1234-1234-123456789ABC}.Release|Any CPU.ActiveCfg = Release|Any CPU
		{F2345678-1234-1234-1234-123456789ABC}.Release|Any CPU.Build.0 = Release|Any CPU
		{F2345678-1234-1234-1234-123456789ABC}.Release|x64.ActiveCfg = Release|Any CPU
		{F2345678-1234-1234-1234-123456789ABC}.Release|x64.Build.0 = Release|Any CPU
		{F2345678-1234-1234-1234-123456789ABC}.Release|x86.ActiveCfg = Release|Any CPU
		{F2345678-1234-1234-1234-123456789ABC}.Release|x86.Build.0 = Release|Any CPU
		{D3456789-1234-1234-1234-123456789ABC}.Debug|Any CPU.ActiveCfg = Debug|Any CPU
		{D3456789-1234-1234-1234-123456789ABC}.Debug|Any CPU.Build.0 = Debug|Any CPU
		{D3456789-1234-1234-1234-123456789ABC}.Debug|x64.ActiveCfg = Debug|Any CPU
		{D3456789-1234-1234-1234-123456789ABC}.Debug|x64.Build.0 = Debug|Any CPU
		{D3456789-1234-1234-1234-123456789ABC}.Debug|x86.ActiveCfg = Debug|Any CPU
		{D3456789-1234-1234-1234-123456789ABC}.Debug|x86.Build.0 = Debug|Any CPU
		{D3456789-1234-1234-1234-123456789ABC}.Release|Any CPU.ActiveCfg = Release|Any CPU
		{D3456789-1234-1234-1234-123456789ABC}.Release|Any CPU.Build.0 = Release|Any CPU
		{D3456789-1234-1234-1234-123456789ABC}.Release|x64.ActiveCfg = Release|Any CPU
		{D3456789-1234-1234-1234-123456789ABC}.Release|x64.Build.0 = Release|Any CPU
		{D3456789-1234-1234-1234-123456789ABC}.Release|x86.ActiveCfg = Release|Any CPU
		{D3456789-1234-1234-1234-123456789ABC}.Release|x86.Build.0 = Release|Any CPU
		{E3456789-1234-1234-1234-123456789ABC}.Debug|Any CPU.ActiveCfg = Debug|Any CPU
		{E3456789-1234-1234-1234-123456789ABC}.Debug|Any CPU.Build.0 = Debug|Any CPU
		{E3456789-1234-1234-1234-123456789ABC}.Debug|x64.ActiveCfg = Debug|Any CPU
		{E3456789-1234-1234-1234-123456789ABC}.Debug|x64.Build.0 = Debug|Any CPU
		{E3456789-1234-1234-1234-123456789ABC}.Debug|x86.ActiveCfg = Debug|Any CPU
		{E3456789-1234-1234-1234-123456789ABC}.Debug|x86.Build.0 = Debug|Any CPU
		{E3456789-1234-1234-1234-123456789ABC}.Release|Any CPU.ActiveCfg = Release|Any CPU
		{E3456789-1234-1234-1234-123456789ABC}.Release|Any CPU.Build.0 = Release|Any CPU
		{E3456789-1234-1234-1234-123456789ABC}.Release|x64.ActiveCfg = Release|Any CPU
		{E3456789-1234-1234-1234-123456789ABC}.Release|x64.Build.0 = Release|Any CPU
		{E3456789-1234-1234-1234-123456789ABC}.Release|x86.ActiveCfg = Release|Any CPU
		{E3456789-1234-1234-1234-123456789ABC}.Release|x86.Build.0 = Release|Any CPU
		{F3456789-1234-1234-1234-123456789ABC}.Debug|Any CPU.ActiveCfg = Debug|Any CPU
		{F3456789-1234-1234-1234-123456789ABC}.Debug|Any CPU.Build.0 = Debug|Any CPU
		{F3456789-1234-1234-1234-123456789ABC}.Debug|x64.ActiveCfg = Debug|Any CPU
		{F3456789-1234-1234-1234-123456789ABC}.Debug|x64.Build.0 = Debug|Any CPU
		{F3456789-1234-1234-1234-123456789ABC}.Debug|x86.ActiveCfg = Debug|Any CPU
		{F3456789-1234-1234-1234-123456789ABC}.Debug|x86.Build.0 = Debug|Any CPU
		{F3456789-1234-1234-1234-123456789ABC}.Release|Any CPU.ActiveCfg = Release|Any CPU
		{F3456789-1234-1234-1234-123456789ABC}.Release|Any CPU.Build.0 = Release|Any CPU
		{F3456789-1234-1234-1234-123456789ABC}.Release|x64.ActiveCfg = Release|Any CPU
		{F3456789-1234-1234-1234-123456789ABC}.Release|x64.Build.0 = Release|Any CPU
		{F3456789-1234-1234-1234-123456789ABC}.Release|x86.ActiveCfg = Release|Any CPU
		{F3456789-1234-1234-1234-123456789ABC}.Release|x86.Build.0 = Release|Any CPU
		{A4567890-1234-1234-1234-123456789ABC}.Debug|Any CPU.ActiveCfg = Debug|Any CPU
		{A4567890-1234-1234-1234-123456789ABC}.Debug|Any CPU.Build.0 = Debug|Any CPU
		{A4567890-1234-1234-1234-123456789ABC}.Debug|x64.ActiveCfg = Debug|Any CPU
		{A4567890-1234-1234-1234-123456789ABC}.Debug|x64.Build.0 = Debug|Any CPU
		{A4567890-1234-1234-1234-123456789ABC}.Debug|x86.ActiveCfg = Debug|Any CPU
		{A4567890-1234-1234-1234-123456789ABC}.Debug|x86.Build.0 = Debug|Any CPU
		{A4567890-1234-1234-1234-123456789ABC}.Release|Any CPU.ActiveCfg = Release|Any CPU
		{A4567890-1234-1234-1234-123456789ABC}.Release|Any CPU.Build.0 = Release|Any CPU
		{A4567890-1234-1234-1234-123456789ABC}.Release|x64.ActiveCfg = Release|Any CPU
		{A4567890-1234-1234-1234-123456789ABC}.Release|x64.Build.0 = Release|Any CPU
		{A4567890-1234-1234-1234-123456789ABC}.Release|x86.ActiveCfg = Release|Any CPU
		{A4567890-1234-1234-1234-123456789ABC}.Release|x86.Build.0 = Release|Any CPU
	EndGlobalSection
	GlobalSection(SolutionProperties) = preSolution
		HideSolutionNode = FALSE
	EndGlobalSection
	GlobalSection(NestedProjects) = preSolution
		{EF02A958-7627-4BF8-A8CA-1EA06F5D77D2} = {7266C4A9-E384-DC00-0EB6-47F6002CFBA7}
		{A1A0F5F1-3384-470E-BFB0-65283A86A641} = {7266C4A9-E384-DC00-0EB6-47F6002CFBA7}
		{2BA862E6-FC2D-4122-8717-2DB6F6DE80C5} = {7266C4A9-E384-DC00-0EB6-47F6002CFBA7}
		{7CB79668-DE64-480B-BB04-2F911D6CBE15} = {7266C4A9-E384-DC00-0EB6-47F6002CFBA7}
		{13AABDAD-5921-EA78-E4D3-A5AF19B34C6F} = {5854FF58-B8C5-05C6-5BF2-ACE42193F22B}
		{D442C4F4-B83B-B83E-FE9A-EB8F88E46C37} = {13AABDAD-5921-EA78-E4D3-A5AF19B34C6F}
		{7871B151-832E-293A-ACAC-A80CF443C745} = {13AABDAD-5921-EA78-E4D3-A5AF19B34C6F}
		{6F949FDC-07B6-1E25-D6E8-4DD4C5A0CEA2} = {13AABDAD-5921-EA78-E4D3-A5AF19B34C6F}
		{EF2B5051-6749-0A6E-4516-54DBFB76055A} = {13AABDAD-5921-EA78-E4D3-A5AF19B34C6F}
		{378295AF-C144-6721-7CFF-8DE6E58ED8C7} = {5854FF58-B8C5-05C6-5BF2-ACE42193F22B}
		{17C544C4-5BCD-467A-B478-BC8A68786F57} = {378295AF-C144-6721-7CFF-8DE6E58ED8C7}
		{E9C36622-C46E-4556-A0F3-0B4001A61A56} = {378295AF-C144-6721-7CFF-8DE6E58ED8C7}
		{E7B86990-31DB-4D83-851C-BD38F03B4DBD} = {378295AF-C144-6721-7CFF-8DE6E58ED8C7}
		{71B38FAE-0D84-4336-B110-41C0ADB17829} = {378295AF-C144-6721-7CFF-8DE6E58ED8C7}
		{B1234567-1234-1234-1234-123456789ABC} = {5854FF58-B8C5-05C6-5BF2-ACE42193F22B}
		{C1234567-1234-1234-1234-123456789ABC} = {B1234567-1234-1234-1234-123456789ABC}
		{D1234567-1234-1234-1234-123456789ABC} = {B1234567-1234-1234-1234-123456789ABC}
		{E1234567-1234-1234-1234-123456789ABC} = {B1234567-1234-1234-1234-123456789ABC}
		{F1234567-1234-1234-1234-123456789ABC} = {B1234567-1234-1234-1234-123456789ABC}
		{9B7775DF-3202-822D-404C-A73478D905E5} = {5854FF58-B8C5-05C6-5BF2-ACE42193F22B}
		{9DBB1225-6524-4DFD-B7F1-CAF82F649798} = {9B7775DF-3202-822D-404C-A73478D905E5}
		{DC40C52C-ADA2-4121-84C6-CCF5E2C0E6BA} = {9B7775DF-3202-822D-404C-A73478D905E5}
		{51FF6354-A919-4B47-948E-502B01FE2446} = {9B7775DF-3202-822D-404C-A73478D905E5}
		{BC52E0F9-1030-4FF4-A023-0054ABFF5A8C} = {9B7775DF-3202-822D-404C-A73478D905E5}
		{A2345678-1234-1234-1234-123456789ABC} = {5854FF58-B8C5-05C6-5BF2-ACE42193F22B}
		{B2345678-1234-1234-1234-123456789ABC} = {A2345678-1234-1234-1234-123456789ABC}
		{C2345678-1234-1234-1234-123456789ABC} = {A2345678-1234-1234-1234-123456789ABC}
		{D2345678-1234-1234-1234-123456789ABC} = {A2345678-1234-1234-1234-123456789ABC}
		{E2345678-1234-1234-1234-123456789ABC} = {A2345678-1234-1234-1234-123456789ABC}
		{F2345678-1234-1234-1234-123456789ABC} = {A2345678-1234-1234-1234-123456789ABC}
		{C3456789-1234-1234-1234-123456789ABC} = {5854FF58-B8C5-05C6-5BF2-ACE42193F22B}
		{D3456789-1234-1234-1234-123456789ABC} = {C3456789-1234-1234-1234-123456789ABC}
		{E3456789-1234-1234-1234-123456789ABC} = {C3456789-1234-1234-1234-123456789ABC}
		{F3456789-1234-1234-1234-123456789ABC} = {C3456789-1234-1234-1234-123456789ABC}
		{A4567890-1234-1234-1234-123456789ABC} = {C3456789-1234-1234-1234-123456789ABC}
	EndGlobalSection
EndGlobal
